{
  "name": "airplane-booking-frontend",
  "version": "0.1.0",
  "lockfileVersion": 3,
  "requires": true,
  "packages": {
    "": {
      "name": "airplane-booking-frontend",
      "version": "0.1.0",
      "dependencies": {
        "airplane-booking-frontend": "file:"
      }
    },
    "node_modules/airplane-booking-frontend": {
      "resolved": "",
      "link": true
    }
  }
}
